
Microsoft Visual Studio Solution File, Format Version 12.00
# Visual Studio Version 16
VisualStudioVersion = 16.0.30621.155
MinimumVisualStudioVersion = 10.0.40219.1
Project("{00D1A9C2-B5F0-4AF3-8072-F6C62B433612}") = "miAplicacionDB", "miAplicacionDB\miAplicacionDB.sqlproj", "{A8286B38-6A48-4E65-AD4E-C90CB12B4AC0}"
EndProject
Global
	GlobalSection(SolutionConfigurationPlatforms) = preSolution
		Debug|Any CPU = Debug|Any CPU
		Release|Any CPU = Release|Any CPU
	EndGlobalSection
	GlobalSection(ProjectConfigurationPlatforms) = postSolution
		{A8286B38-6A48-4E65-AD4E-C90CB12B4AC0}.Debug|Any CPU.ActiveCfg = Debug|Any CPU
		{A8286B38-6A48-4E65-AD4E-C90CB12B4AC0}.Debug|Any CPU.Build.0 = Debug|Any CPU
		{A8286B38-6A48-4E65-AD4E-C90CB12B4AC0}.Debug|Any CPU.Deploy.0 = Debug|Any CPU
		{A8286B38-6A48-4E65-AD4E-C90CB12B4AC0}.Release|Any CPU.ActiveCfg = Release|Any CPU
		{A8286B38-6A48-4E65-AD4E-C90CB12B4AC0}.Release|Any CPU.Build.0 = Release|Any CPU
		{A8286B38-6A48-4E65-AD4E-C90CB12B4AC0}.Release|Any CPU.Deploy.0 = Release|Any CPU
	EndGlobalSection
	GlobalSection(SolutionProperties) = preSolution
		HideSolutionNode = FALSE
	EndGlobalSection
	GlobalSection(ExtensibilityGlobals) = postSolution
		SolutionGuid = {5A7E32EC-183D-4766-ABBD-3D3EA8F392C8}
	EndGlobalSection
EndGlobal
