
Microsoft Visual Studio Solution File, Format Version 12.00
# Visual Studio Version 16
VisualStudioVersion = 16.0.30621.155
MinimumVisualStudioVersion = 10.0.40219.1
Project("{00D1A9C2-B5F0-4AF3-8072-F6C62B433612}") = "myAplicacionDB", "..\miAplicacionDB\myAplicacionDB.sqlproj", "{A8286B38-6A48-4E65-AD4E-C90CB12B4AC0}"
EndProject
Project("{FAE04EC0-301F-11D3-BF4B-00C04F79EFBC}") = "BusinessCore", "BusinessCore\BusinessCore.csproj", "{7FEC816D-50DA-42A8-96B4-4D7C42B3DC31}"
EndProject
Global
	GlobalSection(SolutionConfigurationPlatforms) = preSolution
		Debug|Any CPU = Debug|Any CPU
		Release|Any CPU = Release|Any CPU
	EndGlobalSection
	GlobalSection(ProjectConfigurationPlatforms) = postSolution
		{A8286B38-6A48-4E65-AD4E-C90CB12B4AC0}.Debug|Any CPU.ActiveCfg = Debug|Any CPU
		{A8286B38-6A48-4E65-AD4E-C90CB12B4AC0}.Debug|Any CPU.Build.0 = Debug|Any CPU
		{A8286B38-6A48-4E65-AD4E-C90CB12B4AC0}.Debug|Any CPU.Deploy.0 = Debug|Any CPU
		{A8286B38-6A48-4E65-AD4E-C90CB12B4AC0}.Release|Any CPU.ActiveCfg = Release|Any CPU
		{A8286B38-6A48-4E65-AD4E-C90CB12B4AC0}.Release|Any CPU.Build.0 = Release|Any CPU
		{A8286B38-6A48-4E65-AD4E-C90CB12B4AC0}.Release|Any CPU.Deploy.0 = Release|Any CPU
		{7FEC816D-50DA-42A8-96B4-4D7C42B3DC31}.Debug|Any CPU.ActiveCfg = Debug|Any CPU
		{7FEC816D-50DA-42A8-96B4-4D7C42B3DC31}.Debug|Any CPU.Build.0 = Debug|Any CPU
		{7FEC816D-50DA-42A8-96B4-4D7C42B3DC31}.Release|Any CPU.ActiveCfg = Release|Any CPU
		{7FEC816D-50DA-42A8-96B4-4D7C42B3DC31}.Release|Any CPU.Build.0 = Release|Any CPU
	EndGlobalSection
	GlobalSection(SolutionProperties) = preSolution
		HideSolutionNode = FALSE
	EndGlobalSection
	GlobalSection(ExtensibilityGlobals) = postSolution
		SolutionGuid = {350906D8-472F-4CC7-9FDB-FF7131CEB622}
	EndGlobalSection
EndGlobal
